
Microsoft Visual Studio Solution File, Format Version 12.00
# Visual Studio Version 16
VisualStudioVersion = 16.0.30523.141
MinimumVisualStudioVersion = 10.0.40219.1
Project("{FAE04EC0-301F-11D3-BF4B-00C04F79EFBC}") = "Reversi App", "Reversi App\Reversi App.csproj", "{5FD111B6-959F-49D3-A7FD-2DD67F2FD1B4}"
EndProject
Global
	GlobalSection(SolutionConfigurationPlatforms) = preSolution
		Debug|Any CPU = Debug|Any CPU
		Release|Any CPU = Release|Any CPU
	EndGlobalSection
	GlobalSection(ProjectConfigurationPlatforms) = postSolution
		{5FD111B6-959F-49D3-A7FD-2DD67F2FD1B4}.Debug|Any CPU.ActiveCfg = Debug|Any CPU
		{5FD111B6-959F-49D3-A7FD-2DD67F2FD1B4}.Debug|Any CPU.Build.0 = Debug|Any CPU
		{5FD111B6-959F-49D3-A7FD-2DD67F2FD1B4}.Release|Any CPU.ActiveCfg = Release|Any CPU
		{5FD111B6-959F-49D3-A7FD-2DD67F2FD1B4}.Release|Any CPU.Build.0 = Release|Any CPU
	EndGlobalSection
	GlobalSection(SolutionProperties) = preSolution
		HideSolutionNode = FALSE
	EndGlobalSection
	GlobalSection(ExtensibilityGlobals) = postSolution
		SolutionGuid = {29D4FEA8-6C66-4057-BA32-9FFB1BF432E3}
	EndGlobalSection
EndGlobal
